
Microsoft Visual Studio Solution File, Format Version 12.00
# Visual Studio 14
VisualStudioVersion = 14.0.25123.0
MinimumVisualStudioVersion = 10.0.40219.1
Project("{8BC9CEB8-8B4A-11D0-8D11-00A0C91BC942}") = "leveldb.native", "leveldbNative\leveldb.vcxproj", "{65A4527B-A2F2-C7FF-AF05-14CCA99887B9}"
EndProject
Project("{8BC9CEB8-8B4A-11D0-8D11-00A0C91BC942}") = "MyLevelDB", "MyLevelDB\MyLevelDB.vcxproj", "{706A3463-4633-44D7-A67B-DC9EEA885703}"
EndProject
Global
	GlobalSection(SolutionConfigurationPlatforms) = preSolution
		Debug|Any CPU = Debug|Any CPU
		Debug|Mixed Platforms = Debug|Mixed Platforms
		Debug|Win32 = Debug|Win32
		Debug|x64 = Debug|x64
		Debug|x86 = Debug|x86
		Release|Any CPU = Release|Any CPU
		Release|Mixed Platforms = Release|Mixed Platforms
		Release|Win32 = Release|Win32
		Release|x64 = Release|x64
		Release|x86 = Release|x86
	EndGlobalSection
	GlobalSection(ProjectConfigurationPlatforms) = postSolution
		{65A4527B-A2F2-C7FF-AF05-14CCA99887B9}.Debug|Any CPU.ActiveCfg = Debug|Win32
		{65A4527B-A2F2-C7FF-AF05-14CCA99887B9}.Debug|Mixed Platforms.ActiveCfg = Debug|Win32
		{65A4527B-A2F2-C7FF-AF05-14CCA99887B9}.Debug|Mixed Platforms.Build.0 = Debug|Win32
		{65A4527B-A2F2-C7FF-AF05-14CCA99887B9}.Debug|Win32.ActiveCfg = Debug|Win32
		{65A4527B-A2F2-C7FF-AF05-14CCA99887B9}.Debug|Win32.Build.0 = Debug|Win32
		{65A4527B-A2F2-C7FF-AF05-14CCA99887B9}.Debug|x64.ActiveCfg = Debug|Win32
		{65A4527B-A2F2-C7FF-AF05-14CCA99887B9}.Debug|x86.ActiveCfg = Debug|Win32
		{65A4527B-A2F2-C7FF-AF05-14CCA99887B9}.Release|Any CPU.ActiveCfg = Release|Win32
		{65A4527B-A2F2-C7FF-AF05-14CCA99887B9}.Release|Mixed Platforms.ActiveCfg = Release|Win32
		{65A4527B-A2F2-C7FF-AF05-14CCA99887B9}.Release|Mixed Platforms.Build.0 = Release|Win32
		{65A4527B-A2F2-C7FF-AF05-14CCA99887B9}.Release|Win32.ActiveCfg = Release|Win32
		{65A4527B-A2F2-C7FF-AF05-14CCA99887B9}.Release|Win32.Build.0 = Release|Win32
		{65A4527B-A2F2-C7FF-AF05-14CCA99887B9}.Release|x64.ActiveCfg = Release|Win32
		{65A4527B-A2F2-C7FF-AF05-14CCA99887B9}.Release|x86.ActiveCfg = Release|Win32
		{706A3463-4633-44D7-A67B-DC9EEA885703}.Debug|Any CPU.ActiveCfg = Debug|Win32
		{706A3463-4633-44D7-A67B-DC9EEA885703}.Debug|Mixed Platforms.ActiveCfg = Debug|Win32
		{706A3463-4633-44D7-A67B-DC9EEA885703}.Debug|Mixed Platforms.Build.0 = Debug|Win32
		{706A3463-4633-44D7-A67B-DC9EEA885703}.Debug|Win32.ActiveCfg = Debug|Win32
		{706A3463-4633-44D7-A67B-DC9EEA885703}.Debug|Win32.Build.0 = Debug|Win32
		{706A3463-4633-44D7-A67B-DC9EEA885703}.Debug|x64.ActiveCfg = Debug|x64
		{706A3463-4633-44D7-A67B-DC9EEA885703}.Debug|x64.Build.0 = Debug|x64
		{706A3463-4633-44D7-A67B-DC9EEA885703}.Debug|x86.ActiveCfg = Debug|Win32
		{706A3463-4633-44D7-A67B-DC9EEA885703}.Debug|x86.Build.0 = Debug|Win32
		{706A3463-4633-44D7-A67B-DC9EEA885703}.Release|Any CPU.ActiveCfg = Release|Win32
		{706A3463-4633-44D7-A67B-DC9EEA885703}.Release|Mixed Platforms.ActiveCfg = Release|Win32
		{706A3463-4633-44D7-A67B-DC9EEA885703}.Release|Mixed Platforms.Build.0 = Release|Win32
		{706A3463-4633-44D7-A67B-DC9EEA885703}.Release|Win32.ActiveCfg = Release|Win32
		{706A3463-4633-44D7-A67B-DC9EEA885703}.Release|Win32.Build.0 = Release|Win32
		{706A3463-4633-44D7-A67B-DC9EEA885703}.Release|x64.ActiveCfg = Release|x64
		{706A3463-4633-44D7-A67B-DC9EEA885703}.Release|x64.Build.0 = Release|x64
		{706A3463-4633-44D7-A67B-DC9EEA885703}.Release|x86.ActiveCfg = Release|Win32
		{706A3463-4633-44D7-A67B-DC9EEA885703}.Release|x86.Build.0 = Release|Win32
	EndGlobalSection
	GlobalSection(SolutionProperties) = preSolution
		HideSolutionNode = FALSE
	EndGlobalSection
EndGlobal
